{
  "version": "5",
  "redirects": {
    "https://esm.sh/@supabase/supabase-js@2": "https://esm.sh/@supabase/supabase-js@2.99.1",
    "https://esm.sh/iceberg-js@^0.8.1?target=denonext": "https://esm.sh/iceberg-js@0.8.1?target=denonext"
  },
  "remote": {
    "https://esm.sh/@supabase/auth-js@2.99.1/denonext/auth-js.mjs": "343444fc58a7d4010105e48f1e99a4526f0a52d92430e096fa2e056640765b61",
    "https://esm.sh/@supabase/functions-js@2.99.1/denonext/functions-js.mjs": "9ca4712ab3b5a7e544f5d44d5548b0d8cc2f7824b87c3bf90086c0b560b8cfbc",
    "https://esm.sh/@supabase/postgrest-js@2.99.1/denonext/postgrest-js.mjs": "9a0a8e81dc2c7cba5535c2f25ce48a47502ef7f353aec4ba786ce9adfcb0c42e",
    "https://esm.sh/@supabase/realtime-js@2.99.1/denonext/realtime-js.mjs": "ede2085a822c9b32d484ef019ea1ae139e7d5adaf426931b1aba6a48df597905",
    "https://esm.sh/@supabase/storage-js@2.99.1/denonext/storage-js.mjs": "db1d7acb3bf6f75cd30670e01e17f930df6a4a1b4ae1f805a8e06d7ebe591843",
    "https://esm.sh/@supabase/supabase-js@2.99.1": "b9af3c549dd42b12e1be07c340d8efa1552a6748ab70e5b9c483bbe8ad3dc3b3",
    "https://esm.sh/@supabase/supabase-js@2.99.1/denonext/supabase-js.mjs": "bfa94aa7bcb1609a88c40dfff7d729a4369c85dcba8d8f662f45367819238ee4",
    "https://esm.sh/iceberg-js@0.8.1/denonext/iceberg-js.mjs": "d839d81a2e3966500ca2cdd0c1cb458e9608bacfc91f7bb67a69b2e878dcdb4f",
    "https://esm.sh/iceberg-js@0.8.1?target=denonext": "58c849d7fe2bf4eca4a84eb501e83c161a7d8c34ca1bec15a962b3bec3062633",
    "https://esm.sh/tslib@2.8.1/denonext/tslib.mjs": "c38da5dd6da6281964435002ce204cd586634fe3bdfb24a0ee116f48cf3292e9"
  },
  "workspace": {
    "packageJson": {
      "dependencies": [
        "npm:@expo/vector-icons@^15.0.3",
        "npm:@gorhom/bottom-sheet@^5.2.8",
        "npm:@react-native-async-storage/async-storage@2.2.0",
        "npm:@react-navigation/native@^7.1.8",
        "npm:@rnmapbox/maps@^10.2.10",
        "npm:@sentry/react-native@7.2",
        "npm:@supabase/supabase-js@^2.97.0",
        "npm:@tanstack/react-query@^5.90.21",
        "npm:@types/react@19.1",
        "npm:eslint-config-expo@10",
        "npm:eslint@^9.39.3",
        "npm:expo-apple-authentication@~8.0.8",
        "npm:expo-application@~7.0.8",
        "npm:expo-auth-session@~7.0.10",
        "npm:expo-clipboard@~8.0.8",
        "npm:expo-constants@~18.0.13",
        "npm:expo-crypto@~15.0.8",
        "npm:expo-dev-client@~6.0.20",
        "npm:expo-device@~8.0.10",
        "npm:expo-file-system@~19.0.21",
        "npm:expo-font@~14.0.11",
        "npm:expo-linking@~8.0.11",
        "npm:expo-localization@~17.0.8",
        "npm:expo-location@~19.0.8",
        "npm:expo-router@~6.0.23",
        "npm:expo-splash-screen@~31.0.13",
        "npm:expo-status-bar@~3.0.9",
        "npm:expo-store-review@~9.0.9",
        "npm:expo-updates@~29.0.16",
        "npm:expo-web-browser@~15.0.10",
        "npm:expo@~54.0.33",
        "npm:husky@^9.1.7",
        "npm:i18next@^25.8.18",
        "npm:nativewind@^4.2.2",
        "npm:posthog-react-native@^4.36.0",
        "npm:react-dom@19.1.0",
        "npm:react-i18next@^16.5.8",
        "npm:react-native-gesture-handler@2.28",
        "npm:react-native-purchases@^9.10.3",
        "npm:react-native-reanimated@~4.1.1",
        "npm:react-native-safe-area-context@5.6",
        "npm:react-native-screens@4.16",
        "npm:react-native-svg@15.12.1",
        "npm:react-native-web@0.21",
        "npm:react-native-worklets@0.5.1",
        "npm:react-native@0.81.5",
        "npm:react-test-renderer@19.1.0",
        "npm:react@19.1.0",
        "npm:rn-emoji-keyboard@^1.7.0",
        "npm:tailwindcss@^3.4.19",
        "npm:tsx@^4.21.0",
        "npm:typescript@~5.9.2"
      ]
    }
  }
}
